version = 1
revision = 3
requires-python = ">=3.11, <3.13"

[[package]]
name = "coverage"
version = "7.15.4"
source = { registry = "https://pypi.org/simple" }
sdist = { url = "https://files.pythonhosted.org/packages/be/c3/4f2195f512fb172aa425a8803a874b2baa9ba7f80ff7b6080998761fc701/coverage-7.15.4.tar.gz", hash = "sha256:0548198fff07ccf4faf469520bce1c2eceb1ce3e62891921138dec10907f9d00", size = 936952, upload-time = "2026-08-06T13:50:24.442Z" }
wheels = [
    { url = "https://files.pythonhosted.org/packages/2a/66/edcec7d7a0b524aa8923e22925fde6fe50ce005a113dca13ae1581455c4c/coverage-7.15.4-cp311-cp311-macosx_10_9_x86_64.whl", hash = "sha256:bbac5abad70df71019988f83f26ac7092ff2642975def4429e98dc7585ef3490", size = 222367, upload-time = "2026-08-06T13:47:15.578Z" },
    { url = "https://files.pythonhosted.org/packages/e6/c6/ab8de429e2e8548faf58ec7e1674a4ce00414b4113942d3fe87109cf0f68/coverage-7.15.4-cp311-cp311-macosx_11_0_arm64.whl", hash = "sha256:357a173465c7ce028d07a95cc2b63b5bf59f50ecdd5ad75c5cbb78ada984048e", size = 222874, upload-time = "2026-08-06T13:47:16.961Z" },
    { url = "https://files.pythonhosted.org/packages/be/c4/3b7b49587e8a6b9af79b3eb468d443d6042b6d65b47aa26586846a0d6566/coverage-7.15.4-cp311-cp311-manylinux1_i686.manylinux_2_28_i686.manylinux_2_5_i686.whl", hash = "sha256:21b803935e2efc3acebe9697197a294fccf5dc4e5382bd6369542ff7a7d2a1d7", size = 253287, upload-time = "2026-08-06T13:47:18.291Z" },
    { url = "https://files.pythonhosted.org/packages/fb/65/ec03b743a2a229c72cc1eff3e57be9d3564e9c6b4d5aba2d70744a3fc0d8/coverage-7.15.4-cp311-cp311-manylinux1_x86_64.manylinux_2_28_x86_64.manylinux_2_5_x86_64.whl", hash = "sha256:7a2b580774a4786c1053157c0165e04476e03ff293993d7c148eee784a94bae6", size = 255199, upload-time = "2026-08-06T13:47:19.765Z" },
    { url = "https://files.pythonhosted.org/packages/41/4b/5163729e4b6582d61975cfd3ccab45b4ec53e21cf156d9941cb025188468/coverage-7.15.4-cp311-cp311-manylinux2014_aarch64.manylinux_2_17_aarch64.manylinux_2_28_aarch64.whl", hash = "sha256:a9464451c4efffe8d47ace5a540b10b0dc10e879066290f8600872b7f54a419d", size = 257308, upload-time = "2026-08-06T13:47:21.206Z" },
    { url = "https://files.pythonhosted.org/packages/86/08/2167a0f08fb87d702fa423a48578a32865464b7c9e1db3911ad7812ab414/coverage-7.15.4-cp311-cp311-manylinux2014_ppc64le.manylinux_2_17_ppc64le.manylinux_2_28_ppc64le.whl", hash = "sha256:de602f34123c2f4af1c1869c6dbbbd60da6d5983bf01937367295d135cccbfce", size = 259268, upload-time = "2026-08-06T13:47:22.503Z" },
    { url = "https://files.pythonhosted.org/packages/1e/e5/68eebae3053dbd48508edea559c21b23fbdf3460784f91370c83a86a6acd/coverage-7.15.4-cp311-cp311-manylinux_2_31_riscv64.manylinux_2_39_riscv64.whl", hash = "sha256:6879ded16a27f3eeca19b900c147e81616e7054db451471a611b2755ee5249f7", size = 253392, upload-time = "2026-08-06T13:47:23.88Z" },
    { url = "https://files.pythonhosted.org/packages/1a/46/fd4ced40a2b691c774e515c9b69500bfa64c7960b67fcee4b2f6fad97fc3/coverage-7.15.4-cp311-cp311-musllinux_1_2_aarch64.whl", hash = "sha256:986be58c3ab54aae8d3496a6225eea74f760fdbe739b38bd442c7e8d133aa53b", size = 255001, upload-time = "2026-08-06T13:47:25.469Z" },
    { url = "https://files.pythonhosted.org/packages/53/25/ae2e5fa710bb6957a9aadeb9e3598d3b3e4af6587ce857ad42e8639a3f30/coverage-7.15.4-cp311-cp311-musllinux_1_2_i686.whl", hash = "sha256:c6103639613fe6c1e989082948419bc77a2d26b6c825c99d7fad25f7d3d87afc", size = 253061, upload-time = "2026-08-06T13:47:26.845Z" },
    { url = "https://files.pythonhosted.org/packages/d7/31/67ddc0365db2c6e93ac8580bc4bbc50f65273262f973f63ebcdbc15c0495/coverage-7.15.4-cp311-cp311-musllinux_1_2_ppc64le.whl", hash = "sha256:d3af93dddb5659276c63bc16ac6466ac2033a70ca816097bbc06345b8ccdf571", size = 256831, upload-time = "2026-08-06T13:47:28.217Z" },
    { url = "https://files.pythonhosted.org/packages/f6/78/82b8fd18f57fb13f12d98fe874995bb2c4f9f17be8aff762c426323fdb96/coverage-7.15.4-cp311-cp311-musllinux_1_2_riscv64.whl", hash = "sha256:b10075e5421d04265766a6d1dac809bbeb8a946fbb23c8f82c227409b2190719", size = 252781, upload-time = "2026-08-06T13:47:29.712Z" },
    { url = "https://files.pythonhosted.org/packages/0a/eb/6c74ef4dd12b252e573c49bdef9e2ac265bf3dbb79b8d7feb3266e084e9e/coverage-7.15.4-cp311-cp311-musllinux_1_2_x86_64.whl", hash = "sha256:a67a9f78b2942d87ba8ce3059c642164d2aedd65337377fb52fe9803656bc5c7", size = 253692, upload-time = "2026-08-06T13:47:31.192Z" },
    { url = "https://files.pythonhosted.org/packages/5a/66/eb9aed1c3fd2d36ee00eb173f434b14fa607fc056739c9a89ff4244010ea/coverage-7.15.4-cp311-cp311-win32.whl", hash = "sha256:69484d1aca26e322e1c3ce03f09341e84524ababad2d7202161738d83cc9f82e", size = 224461, upload-time = "2026-08-06T13:47:32.572Z" },
    { url = "https://files.pythonhosted.org/packages/e2/6d/81fa4161dfb3ed9d74e40d58647eff83a56b7612e78352581280fce2f477/coverage-7.15.4-cp311-cp311-win_amd64.whl", hash = "sha256:63fd6fcd1dd6e158f7eb78606e72933b3f6d01e7b747f99c6c12d764307a0fdc", size = 224937, upload-time = "2026-08-06T13:47:34.205Z" },
    { url = "https://files.pythonhosted.org/packages/5b/c1/d8dacf683c6cad3cf85ce68fd3774a6774ec402128822fdfaed920f11e6a/coverage-7.15.4-cp311-cp311-win_arm64.whl", hash = "sha256:ea82116c9893fa89e929b7f197ee5a1950a76e91cc5c85ba503fc02379d04890", size = 224479, upload-time = "2026-08-06T13:47:36.118Z" },
    { url = "https://files.pythonhosted.org/packages/1d/48/bc8d4ba7b37551a767bd863f15b3f80182b271c2f55975356f5f7dbe94c2/coverage-7.15.4-cp312-cp312-macosx_10_13_x86_64.whl", hash = "sha256:d4fedd1f7f428f9fe83b1ead5e7cc87a43427be31aadafbac3ac0636dc7abb22", size = 222543, upload-time = "2026-08-06T13:47:37.562Z" },
    { url = "https://files.pythonhosted.org/packages/20/dd/88d6f83f1fffc974a3691a34a97951c5b12df7512a6782c5963883cbc058/coverage-7.15.4-cp312-cp312-macosx_11_0_arm64.whl", hash = "sha256:37e2f0cdf58e2e1fed4e4d5a8f8786ae2f7eb80b478016876667dc4a01d60a97", size = 222905, upload-time = "2026-08-06T13:47:38.927Z" },
    { url = "https://files.pythonhosted.org/packages/bd/5c/54ee0d4748585bb0acab9891cd8d92f2d3593165b4e59fc9de113bfb3140/coverage-7.15.4-cp312-cp312-manylinux1_i686.manylinux_2_28_i686.manylinux_2_5_i686.whl", hash = "sha256:fb55d0e70bb15f2e81477613627286581414693d74ac7963c93a790dd453ca9d", size = 254407, upload-time = "2026-08-06T13:47:40.488Z" },
    { url = "https://files.pythonhosted.org/packages/8c/3f/f0642a372f494bd0d7dad3b497083b910194a5f1c88be2c94fef707c3b59/coverage-7.15.4-cp312-cp312-manylinux1_x86_64.manylinux_2_28_x86_64.manylinux_2_5_x86_64.whl", hash = "sha256:899b9da30f3c6c336566e3707495bb23e8302d39d862f01fa78c48b99b9437e2", size = 257145, upload-time = "2026-08-06T13:47:41.931Z" },
    { url = "https://files.pythonhosted.org/packages/71/17/8b46d0ed68251016002ec972c8fc0119961a765d0984cafb8bf317c43758/coverage-7.15.4-cp312-cp312-manylinux2014_aarch64.manylinux_2_17_aarch64.manylinux_2_28_aarch64.whl", hash = "sha256:d15715e8c46552827e5e4f30a35575a2dbcad14454cf3284c54483946bd16931", size = 258257, upload-time = "2026-08-06T13:47:43.527Z" },
    { url = "https://files.pythonhosted.org/packages/30/b8/8498a0e72d0adbe15477dd07463d2b3bb2c9f6a4815e8589e50939e2c3ae/coverage-7.15.4-cp312-cp312-manylinux2014_ppc64le.manylinux_2_17_ppc64le.manylinux_2_28_ppc64le.whl", hash = "sha256:002a438859f7b430bc99afeaf01a6d187dad1d0dc907b64cdeffc632a5db8fd8", size = 260517, upload-time = "2026-08-06T13:47:45.121Z" },
    { url = "https://files.pythonhosted.org/packages/41/e1/7dce19c3bdb1e3dd63e769508216500edad81bd5f69a26d724e32aceaf78/coverage-7.15.4-cp312-cp312-manylinux_2_31_riscv64.manylinux_2_39_riscv64.whl", hash = "sha256:e4193a04b518f7968f3099755f5509ee7cccc6dc2b92a6b14841934d22e222c9", size = 254785, upload-time = "2026-08-06T13:47:46.541Z" },
    { url = "https://files.pythonhosted.org/packages/dd/b1/e1494703c675a2561723cd9b89f45c9168782c31280c611b1f767851e57c/coverage-7.15.4-cp312-cp312-musllinux_1_2_aarch64.whl", hash = "sha256:e98dcc55d572b38e69d117da7e8e8efb8500f1f5eaf81ecd460a63220790b839", size = 256176, upload-time = "2026-08-06T13:47:48.155Z" },
    { url = "https://files.pythonhosted.org/packages/73/76/a5629d270fb638a43a4b10466f51e2f49d532c1aa4da2913cbbb150bbe0a/coverage-7.15.4-cp312-cp312-musllinux_1_2_i686.whl", hash = "sha256:af6c538498ce66c10d3fd541c2a8d5b03da5850355add34e6cba564210cb9e72", size = 254321, upload-time = "2026-08-06T13:47:49.757Z" },
    { url = "https://files.pythonhosted.org/packages/ff/4f/9c44447218435d5766b911534f9d798144a5560f85e9a54ebe5f3f5d19f9/coverage-7.15.4-cp312-cp312-musllinux_1_2_ppc64le.whl", hash = "sha256:1d10025d96ea89fc2f73714dbc4cbd433fe012c1ac9e23f895d7728b238b6e52", size = 258390, upload-time = "2026-08-06T13:47:51.248Z" },
    { url = "https://files.pythonhosted.org/packages/de/36/c1e127616fb3fa18a9ff71e76c417f2fd7424332a4870015ac224ef4c039/coverage-7.15.4-cp312-cp312-musllinux_1_2_riscv64.whl", hash = "sha256:d802e1947603162ded419bff83ac7489820355d2b856dfb09206574e3a37ac0c", size = 253894, upload-time = "2026-08-06T13:47:52.816Z" },
    { url = "https://files.pythonhosted.org/packages/e9/b9/fdb92c8ae7a8bb9b850cc253b7b3b9c8526f68130002048b5671cd510d09/coverage-7.15.4-cp312-cp312-musllinux_1_2_x86_64.whl", hash = "sha256:c2de40895718f91951b86712b4c5b694acaf9a0a49be13874896f599a1eed3f4", size = 255763, upload-time = "2026-08-06T13:47:54.296Z" },
    { url = "https://files.pythonhosted.org/packages/6f/c0/a7d51b2587c7bdb76e71b0896d2565bf7d60436b5122fc83e511adb1f7cd/coverage-7.15.4-cp312-cp312-win32.whl", hash = "sha256:5c3431b2161279b7db5c2a1aa58ae02e5cb8c3c42d93a5094be3f5537bd5b11b", size = 224597, upload-time = "2026-08-06T13:47:56.074Z" },
    { url = "https://files.pythonhosted.org/packages/49/b9/5c5f80cc55f5acaaca6dee677626bfcec8c87204a7809b438b08e84f4571/coverage-7.15.4-cp312-cp312-win_amd64.whl", hash = "sha256:6befeab5fb2b51c958ca4ac6c5d141a1e8240f4f76e46350f1911963deda49cd", size = 225135, upload-time = "2026-08-06T13:47:57.52Z" },
    { url = "https://files.pythonhosted.org/packages/47/e4/2a4561f89ff6bf7c925c287d0f2cce8bdf139c3a33735c87e3203401cf94/coverage-7.15.4-cp312-cp312-win_arm64.whl", hash = "sha256:67bc345491ab55b837277d76f5775d057e8c7f1ac44d890d8c2c82adde258c6f", size = 224515, upload-time = "2026-08-06T13:47:58.977Z" },
    { url = "https://files.pythonhosted.org/packages/b4/d9/e70c286c979378f061d8266e279b686ab0b0b688e1fe0af864684f23a77d/coverage-7.15.4-py3-none-any.whl", hash = "sha256:964730a1e9de9c0cf11be6a1a3c79ce419c34882842abd256086ba4698705e84", size = 214332, upload-time = "2026-08-06T13:50:22.192Z" },
]

[package.optional-dependencies]
toml = [
    { name = "tomli", marker = "python_full_version <= '3.11'" },
]

[[package]]
name = "disagree-contracts"
version = "0.0.0"
source = { editable = "." }

[package.dev-dependencies]
dev = [
    { name = "coverage", extra = ["toml"] },
]

[package.metadata]

[package.metadata.requires-dev]
dev = [{ name = "coverage", extras = ["toml"], specifier = "==7.15.4" }]

[[package]]
name = "tomli"
version = "2.4.1"
source = { registry = "https://pypi.org/simple" }
sdist = { url = "https://files.pythonhosted.org/packages/22/de/48c59722572767841493b26183a0d1cc411d54fd759c5607c4590b6563a6/tomli-2.4.1.tar.gz", hash = "sha256:7c7e1a961a0b2f2472c1ac5b69affa0ae1132c39adcb67aba98568702b9cc23f", size = 17543, upload-time = "2026-03-25T20:22:03.828Z" }
wheels = [
    { url = "https://files.pythonhosted.org/packages/f4/11/db3d5885d8528263d8adc260bb2d28ebf1270b96e98f0e0268d32b8d9900/tomli-2.4.1-cp311-cp311-macosx_10_9_x86_64.whl", hash = "sha256:f8f0fc26ec2cc2b965b7a3b87cd19c5c6b8c5e5f436b984e85f486d652285c30", size = 154704, upload-time = "2026-03-25T20:21:10.473Z" },
    { url = "https://files.pythonhosted.org/packages/6d/f7/675db52c7e46064a9aa928885a9b20f4124ecb9bc2e1ce74c9106648d202/tomli-2.4.1-cp311-cp311-macosx_11_0_arm64.whl", hash = "sha256:4ab97e64ccda8756376892c53a72bd1f964e519c77236368527f758fbc36a53a", size = 149454, upload-time = "2026-03-25T20:21:12.036Z" },
    { url = "https://files.pythonhosted.org/packages/61/71/81c50943cf953efa35bce7646caab3cf457a7d8c030b27cfb40d7235f9ee/tomli-2.4.1-cp311-cp311-manylinux2014_aarch64.manylinux_2_17_aarch64.manylinux_2_28_aarch64.whl", hash = "sha256:96481a5786729fd470164b47cdb3e0e58062a496f455ee41b4403be77cb5a076", size = 237561, upload-time = "2026-03-25T20:21:13.098Z" },
    { url = "https://files.pythonhosted.org/packages/48/c1/f41d9cb618acccca7df82aaf682f9b49013c9397212cb9f53219e3abac37/tomli-2.4.1-cp311-cp311-manylinux2014_x86_64.manylinux_2_17_x86_64.manylinux_2_28_x86_64.whl", hash = "sha256:5a881ab208c0baf688221f8cecc5401bd291d67e38a1ac884d6736cbcd8247e9", size = 243824, upload-time = "2026-03-25T20:21:14.569Z" },
    { url = "https://files.pythonhosted.org/packages/22/e4/5a816ecdd1f8ca51fb756ef684b90f2780afc52fc67f987e3c61d800a46d/tomli-2.4.1-cp311-cp311-musllinux_1_2_aarch64.whl", hash = "sha256:47149d5bd38761ac8be13a84864bf0b7b70bc051806bc3669ab1cbc56216b23c", size = 242227, upload-time = "2026-03-25T20:21:15.712Z" },
    { url = "https://files.pythonhosted.org/packages/6b/49/2b2a0ef529aa6eec245d25f0c703e020a73955ad7edf73e7f54ddc608aa5/tomli-2.4.1-cp311-cp311-musllinux_1_2_x86_64.whl", hash = "sha256:ec9bfaf3ad2df51ace80688143a6a4ebc09a248f6ff781a9945e51937008fcbc", size = 247859, upload-time = "2026-03-25T20:21:17.001Z" },
    { url = "https://files.pythonhosted.org/packages/83/bd/6c1a630eaca337e1e78c5903104f831bda934c426f9231429396ce3c3467/tomli-2.4.1-cp311-cp311-win32.whl", hash = "sha256:ff2983983d34813c1aeb0fa89091e76c3a22889ee83ab27c5eeb45100560c049", size = 97204, upload-time = "2026-03-25T20:21:18.079Z" },
    { url = "https://files.pythonhosted.org/packages/42/59/71461df1a885647e10b6bb7802d0b8e66480c61f3f43079e0dcd315b3954/tomli-2.4.1-cp311-cp311-win_amd64.whl", hash = "sha256:5ee18d9ebdb417e384b58fe414e8d6af9f4e7a0ae761519fb50f721de398dd4e", size = 108084, upload-time = "2026-03-25T20:21:18.978Z" },
    { url = "https://files.pythonhosted.org/packages/b8/83/dceca96142499c069475b790e7913b1044c1a4337e700751f48ed723f883/tomli-2.4.1-cp311-cp311-win_arm64.whl", hash = "sha256:c2541745709bad0264b7d4705ad453b76ccd191e64aa6f0fc66b69a293a45ece", size = 95285, upload-time = "2026-03-25T20:21:20.309Z" },
    { url = "https://files.pythonhosted.org/packages/c1/ba/42f134a3fe2b370f555f44b1d72feebb94debcab01676bf918d0cb70e9aa/tomli-2.4.1-cp312-cp312-macosx_10_13_x86_64.whl", hash = "sha256:c742f741d58a28940ce01d58f0ab2ea3ced8b12402f162f4d534dfe18ba1cd6a", size = 155924, upload-time = "2026-03-25T20:21:21.626Z" },
    { url = "https://files.pythonhosted.org/packages/dc/c7/62d7a17c26487ade21c5422b646110f2162f1fcc95980ef7f63e73c68f14/tomli-2.4.1-cp312-cp312-macosx_11_0_arm64.whl", hash = "sha256:7f86fd587c4ed9dd76f318225e7d9b29cfc5a9d43de44e5754db8d1128487085", size = 150018, upload-time = "2026-03-25T20:21:23.002Z" },
    { url = "https://files.pythonhosted.org/packages/5c/05/79d13d7c15f13bdef410bdd49a6485b1c37d28968314eabee452c22a7fda/tomli-2.4.1-cp312-cp312-manylinux2014_aarch64.manylinux_2_17_aarch64.manylinux_2_28_aarch64.whl", hash = "sha256:ff18e6a727ee0ab0388507b89d1bc6a22b138d1e2fa56d1ad494586d61d2eae9", size = 244948, upload-time = "2026-03-25T20:21:24.04Z" },
    { url = "https://files.pythonhosted.org/packages/10/90/d62ce007a1c80d0b2c93e02cab211224756240884751b94ca72df8a875ca/tomli-2.4.1-cp312-cp312-manylinux2014_x86_64.manylinux_2_17_x86_64.manylinux_2_28_x86_64.whl", hash = "sha256:136443dbd7e1dee43c68ac2694fde36b2849865fa258d39bf822c10e8068eac5", size = 253341, upload-time = "2026-03-25T20:21:25.177Z" },
    { url = "https://files.pythonhosted.org/packages/1a/7e/caf6496d60152ad4ed09282c1885cca4eea150bfd007da84aea07bcc0a3e/tomli-2.4.1-cp312-cp312-musllinux_1_2_aarch64.whl", hash = "sha256:5e262d41726bc187e69af7825504c933b6794dc3fbd5945e41a79bb14c31f585", size = 248159, upload-time = "2026-03-25T20:21:26.364Z" },
    { url = "https://files.pythonhosted.org/packages/99/e7/c6f69c3120de34bbd882c6fba7975f3d7a746e9218e56ab46a1bc4b42552/tomli-2.4.1-cp312-cp312-musllinux_1_2_x86_64.whl", hash = "sha256:5cb41aa38891e073ee49d55fbc7839cfdb2bc0e600add13874d048c94aadddd1", size = 253290, upload-time = "2026-03-25T20:21:27.46Z" },
    { url = "https://files.pythonhosted.org/packages/d6/2f/4a3c322f22c5c66c4b836ec58211641a4067364f5dcdd7b974b4c5da300c/tomli-2.4.1-cp312-cp312-win32.whl", hash = "sha256:da25dc3563bff5965356133435b757a795a17b17d01dbc0f42fb32447ddfd917", size = 98141, upload-time = "2026-03-25T20:21:28.492Z" },
    { url = "https://files.pythonhosted.org/packages/24/22/4daacd05391b92c55759d55eaee21e1dfaea86ce5c571f10083360adf534/tomli-2.4.1-cp312-cp312-win_amd64.whl", hash = "sha256:52c8ef851d9a240f11a88c003eacb03c31fc1c9c4ec64a99a0f922b93874fda9", size = 108847, upload-time = "2026-03-25T20:21:29.386Z" },
    { url = "https://files.pythonhosted.org/packages/68/fd/70e768887666ddd9e9f5d85129e84910f2db2796f9096aa02b721a53098d/tomli-2.4.1-cp312-cp312-win_arm64.whl", hash = "sha256:f758f1b9299d059cc3f6546ae2af89670cb1c4d48ea29c3cacc4fe7de3058257", size = 95088, upload-time = "2026-03-25T20:21:30.677Z" },
    { url = "https://files.pythonhosted.org/packages/7b/61/cceae43728b7de99d9b847560c262873a1f6c98202171fd5ed62640b494b/tomli-2.4.1-py3-none-any.whl", hash = "sha256:0d85819802132122da43cb86656f8d1f8c6587d54ae7dcaf30e90533028b49fe", size = 14583, upload-time = "2026-03-25T20:22:03.012Z" },
]
